
Microsoft Visual Studio Solution File, Format Version 9.00
# Visual Studio 2005
Project("{E24C65DC-7377-472B-9ABA-BC803B73C61A}") = "e:\...\Dreadnought\", "..\..\WebSites\Dreadnought\", "{6419626D-E7E9-49C9-92E7-0F0E79306E31}"
	ProjectSection(WebsiteProperties) = preProject
		ProjectReferences = "{B0C1B1DF-05EC-4C8E-BA34-3A3A069FC1BE}|DreadnoughtLib.dll;"
		Debug.AspNetCompiler.VirtualPath = "/Dreadnought"
		Debug.AspNetCompiler.PhysicalPath = "..\..\WebSites\Dreadnought\"
		Debug.AspNetCompiler.TargetPath = "PrecompiledWeb\Dreadnought\"
		Debug.AspNetCompiler.Updateable = "true"
		Debug.AspNetCompiler.ForceOverwrite = "true"
		Debug.AspNetCompiler.FixedNames = "true"
		Debug.AspNetCompiler.Debug = "True"
		Release.AspNetCompiler.VirtualPath = "/Dreadnought"
		Release.AspNetCompiler.PhysicalPath = "..\..\WebSites\Dreadnought\"
		Release.AspNetCompiler.TargetPath = "PrecompiledWeb\Dreadnought\"
		Release.AspNetCompiler.Updateable = "true"
		Release.AspNetCompiler.ForceOverwrite = "true"
		Release.AspNetCompiler.FixedNames = "true"
		Release.AspNetCompiler.Debug = "False"
		VWDPort = "6924"
		DefaultWebSiteLanguage = "Visual C#"
	EndProjectSection
EndProject
Project("{FAE04EC0-301F-11D3-BF4B-00C04F79EFBC}") = "DreadnoughtLib", "DreadnoughtLib\DreadnoughtLib.csproj", "{B0C1B1DF-05EC-4C8E-BA34-3A3A069FC1BE}"
EndProject
Global
	GlobalSection(SolutionConfigurationPlatforms) = preSolution
		Debug|.NET = Debug|.NET
		Debug|Any CPU = Debug|Any CPU
		Debug|Mixed Platforms = Debug|Mixed Platforms
		Release|.NET = Release|.NET
		Release|Any CPU = Release|Any CPU
		Release|Mixed Platforms = Release|Mixed Platforms
	EndGlobalSection
	GlobalSection(ProjectConfigurationPlatforms) = postSolution
		{6419626D-E7E9-49C9-92E7-0F0E79306E31}.Debug|.NET.ActiveCfg = Debug|.NET
		{6419626D-E7E9-49C9-92E7-0F0E79306E31}.Debug|.NET.Build.0 = Debug|.NET
		{6419626D-E7E9-49C9-92E7-0F0E79306E31}.Debug|Any CPU.ActiveCfg = Debug|.NET
		{6419626D-E7E9-49C9-92E7-0F0E79306E31}.Debug|Mixed Platforms.ActiveCfg = Debug|.NET
		{6419626D-E7E9-49C9-92E7-0F0E79306E31}.Debug|Mixed Platforms.Build.0 = Debug|.NET
		{6419626D-E7E9-49C9-92E7-0F0E79306E31}.Release|.NET.ActiveCfg = Debug|.NET
		{6419626D-E7E9-49C9-92E7-0F0E79306E31}.Release|.NET.Build.0 = Debug|.NET
		{6419626D-E7E9-49C9-92E7-0F0E79306E31}.Release|Any CPU.ActiveCfg = Debug|.NET
		{6419626D-E7E9-49C9-92E7-0F0E79306E31}.Release|Mixed Platforms.ActiveCfg = Debug|.NET
		{6419626D-E7E9-49C9-92E7-0F0E79306E31}.Release|Mixed Platforms.Build.0 = Debug|.NET
		{B0C1B1DF-05EC-4C8E-BA34-3A3A069FC1BE}.Debug|.NET.ActiveCfg = Debug|Any CPU
		{B0C1B1DF-05EC-4C8E-BA34-3A3A069FC1BE}.Debug|Any CPU.ActiveCfg = Debug|Any CPU
		{B0C1B1DF-05EC-4C8E-BA34-3A3A069FC1BE}.Debug|Any CPU.Build.0 = Debug|Any CPU
		{B0C1B1DF-05EC-4C8E-BA34-3A3A069FC1BE}.Debug|Mixed Platforms.ActiveCfg = Debug|Any CPU
		{B0C1B1DF-05EC-4C8E-BA34-3A3A069FC1BE}.Debug|Mixed Platforms.Build.0 = Debug|Any CPU
		{B0C1B1DF-05EC-4C8E-BA34-3A3A069FC1BE}.Release|.NET.ActiveCfg = Release|Any CPU
		{B0C1B1DF-05EC-4C8E-BA34-3A3A069FC1BE}.Release|Any CPU.ActiveCfg = Release|Any CPU
		{B0C1B1DF-05EC-4C8E-BA34-3A3A069FC1BE}.Release|Any CPU.Build.0 = Release|Any CPU
		{B0C1B1DF-05EC-4C8E-BA34-3A3A069FC1BE}.Release|Mixed Platforms.ActiveCfg = Release|Any CPU
		{B0C1B1DF-05EC-4C8E-BA34-3A3A069FC1BE}.Release|Mixed Platforms.Build.0 = Release|Any CPU
	EndGlobalSection
	GlobalSection(SolutionProperties) = preSolution
		HideSolutionNode = FALSE
	EndGlobalSection
EndGlobal
